// !$*UTF8*$!
{
	archiveVersion = 1;
	classes = {
	};
	objectVersion = 46;
	objects = {

/* Begin PBXBuildFile section */
		C302F35C1C59A0A90043E35D /* CompanyViewController.swift in Sources */ = {isa = PBXBuildFile; fileRef = C302F35B1C59A0A90043E35D /* CompanyViewController.swift */; };
		C31385471C45E404004ED847 /* WebViewController_1.swift in Sources */ = {isa = PBXBuildFile; fileRef = C31385461C45E404004ED847 /* WebViewController_1.swift */; };
		C316E0A41C58A5E500E0F0DF /* JSONModelMapper.swift in Sources */ = {isa = PBXBuildFile; fileRef = C316E0A31C58A5E500E0F0DF /* JSONModelMapper.swift */; };
		C317748B1C4F32E1006F885C /* Array+removeAtIndexes.swift in Sources */ = {isa = PBXBuildFile; fileRef = C317748A1C4F32E1006F885C /* Array+removeAtIndexes.swift */; };
		C3238A2D1C3F9B3500081E6E /* LoadMoreTableFooterView.swift in Sources */ = {isa = PBXBuildFile; fileRef = C3238A2C1C3F9B3500081E6E /* LoadMoreTableFooterView.swift */; };
		C339C2291C4095C700947247 /* MainNavigationController.swift in Sources */ = {isa = PBXBuildFile; fileRef = C339C2281C4095C700947247 /* MainNavigationController.swift */; };
		C339C22B1C40963200947247 /* UIImage+ColorImage.swift in Sources */ = {isa = PBXBuildFile; fileRef = C339C22A1C40963200947247 /* UIImage+ColorImage.swift */; };
		C341A7FC1C3DF037003049EE /* FilterView.swift in Sources */ = {isa = PBXBuildFile; fileRef = C341A7FB1C3DF037003049EE /* FilterView.swift */; };
		C3466C221C3CA98300979FAF /* Search.swift in Sources */ = {isa = PBXBuildFile; fileRef = C3466C211C3CA98300979FAF /* Search.swift */; };
		C3466C241C3CA98B00979FAF /* SearchResult.swift in Sources */ = {isa = PBXBuildFile; fileRef = C3466C231C3CA98B00979FAF /* SearchResult.swift */; };
		C3466C261C3CA9CA00979FAF /* String+en:decode.swift in Sources */ = {isa = PBXBuildFile; fileRef = C3466C251C3CA9CA00979FAF /* String+en:decode.swift */; };
		C3466C281C3CB32000979FAF /* CarServiceCell.swift in Sources */ = {isa = PBXBuildFile; fileRef = C3466C271C3CB32000979FAF /* CarServiceCell.swift */; };
		C3466C2A1C3CB5BC00979FAF /* UIImageView+DownloadImage.swift in Sources */ = {isa = PBXBuildFile; fileRef = C3466C291C3CB5BC00979FAF /* UIImageView+DownloadImage.swift */; };
		C3466C2C1C3CB68E00979FAF /* TableViewController.swift in Sources */ = {isa = PBXBuildFile; fileRef = C3466C2B1C3CB68E00979FAF /* TableViewController.swift */; };
		C360329E1C3A05F2008852CA /* ViewController_1.swift in Sources */ = {isa = PBXBuildFile; fileRef = C360329D1C3A05F2008852CA /* ViewController_1.swift */; };
		C36032A21C3A6891008852CA /* UINavigationController+FDFullscreenPopGesture.m in Sources */ = {isa = PBXBuildFile; fileRef = C36032A11C3A6891008852CA /* UINavigationController+FDFullscreenPopGesture.m */; };
		C37248331C55F6EF00EDD735 /* ProductCell.swift in Sources */ = {isa = PBXBuildFile; fileRef = C37248321C55F6EF00EDD735 /* ProductCell.swift */; };
		C37248351C55FD3800EDD735 /* ViewController_3_1.swift in Sources */ = {isa = PBXBuildFile; fileRef = C37248341C55FD3800EDD735 /* ViewController_3_1.swift */; };
		C377DB981C4A122A00F92F34 /* ViewController_3.swift in Sources */ = {isa = PBXBuildFile; fileRef = C377DB971C4A122A00F92F34 /* ViewController_3.swift */; };
		C377DB9A1C4A187800F92F34 /* HudView.swift in Sources */ = {isa = PBXBuildFile; fileRef = C377DB991C4A187800F92F34 /* HudView.swift */; };
		C37BDEF61C44CEFC00917F7D /* LoadServices.swift in Sources */ = {isa = PBXBuildFile; fileRef = C37BDEF51C44CEFC00917F7D /* LoadServices.swift */; };
		C39384401C4DD677009EDC19 /* SubscribeListTableView.swift in Sources */ = {isa = PBXBuildFile; fileRef = C393843F1C4DD677009EDC19 /* SubscribeListTableView.swift */; };
		C39384421C4DD709009EDC19 /* CarServiceListCell.swift in Sources */ = {isa = PBXBuildFile; fileRef = C39384411C4DD709009EDC19 /* CarServiceListCell.swift */; };
		C3A7C75F1C350E2400E6DC4B /* WebViewController.swift in Sources */ = {isa = PBXBuildFile; fileRef = C3A7C75E1C350E2400E6DC4B /* WebViewController.swift */; };
		C3B15BBF1C3B657F00E12142 /* CustomPop.swift in Sources */ = {isa = PBXBuildFile; fileRef = C3B15BBE1C3B657F00E12142 /* CustomPop.swift */; };
		C3B162611C5C4320004D8336 /* Localizable.strings in Resources */ = {isa = PBXBuildFile; fileRef = C3B1625F1C5C4320004D8336 /* Localizable.strings */; };
		C3CBEACE1C5B449C005C0469 /* ViewController_3_2.swift in Sources */ = {isa = PBXBuildFile; fileRef = C3CBEACD1C5B449C005C0469 /* ViewController_3_2.swift */; };
		C3D73FD01C34AEF500C82CFA /* AppDelegate.swift in Sources */ = {isa = PBXBuildFile; fileRef = C3D73FCF1C34AEF500C82CFA /* AppDelegate.swift */; };
		C3D73FD21C34AEF500C82CFA /* ViewController.swift in Sources */ = {isa = PBXBuildFile; fileRef = C3D73FD11C34AEF500C82CFA /* ViewController.swift */; };
		C3D73FD51C34AEF500C82CFA /* Main.storyboard in Resources */ = {isa = PBXBuildFile; fileRef = C3D73FD31C34AEF500C82CFA /* Main.storyboard */; };
		C3D73FD71C34AEF500C82CFA /* Assets.xcassets in Resources */ = {isa = PBXBuildFile; fileRef = C3D73FD61C34AEF500C82CFA /* Assets.xcassets */; };
		C3D73FDA1C34AEF600C82CFA /* LaunchScreen.storyboard in Resources */ = {isa = PBXBuildFile; fileRef = C3D73FD81C34AEF600C82CFA /* LaunchScreen.storyboard */; };
		C3D73FE21C34AF8B00C82CFA /* PView.swift in Sources */ = {isa = PBXBuildFile; fileRef = C3D73FE11C34AF8B00C82CFA /* PView.swift */; };
		C3D73FE41C34AF9D00C82CFA /* PModel.swift in Sources */ = {isa = PBXBuildFile; fileRef = C3D73FE31C34AF9D00C82CFA /* PModel.swift */; };
		C3DF86201C50633B00C51697 /* CommentViewController.swift in Sources */ = {isa = PBXBuildFile; fileRef = C3DF861F1C50633B00C51697 /* CommentViewController.swift */; };
		C3DF86221C50B40A00C51697 /* CommentCell.swift in Sources */ = {isa = PBXBuildFile; fileRef = C3DF86211C50B40A00C51697 /* CommentCell.swift */; };
		C3DF86241C50BDC500C51697 /* ReviewListTableViewController.swift in Sources */ = {isa = PBXBuildFile; fileRef = C3DF86231C50BDC500C51697 /* ReviewListTableViewController.swift */; };
		C3E015771C48C1BB00DCDAFA /* SubscribeViewController.swift in Sources */ = {isa = PBXBuildFile; fileRef = C3E015761C48C1BB00DCDAFA /* SubscribeViewController.swift */; };
		C3E015791C48C5AF00DCDAFA /* SubscribeTableView.swift in Sources */ = {isa = PBXBuildFile; fileRef = C3E015781C48C5AF00DCDAFA /* SubscribeTableView.swift */; };
		C3F68C0A1C43479700BB7F50 /* ViewController_1_2.swift in Sources */ = {isa = PBXBuildFile; fileRef = C3F68C091C43479700BB7F50 /* ViewController_1_2.swift */; };
		C3F68C0C1C4356F400BB7F50 /* UIColor+CustomColor.swift in Sources */ = {isa = PBXBuildFile; fileRef = C3F68C0B1C4356F400BB7F50 /* UIColor+CustomColor.swift */; };
		D4400442AF9BC5E155EBD96A /* Pods.framework in Frameworks */ = {isa = PBXBuildFile; fileRef = 7233EC591672C24A8BA5CD8B /* Pods.framework */; };
/* End PBXBuildFile section */

/* Begin PBXFileReference section */
		24CE9DFF9073B361C0F41BED /* Pods.release.xcconfig */ = {isa = PBXFileReference; includeInIndex = 1; lastKnownFileType = text.xcconfig; name = Pods.release.xcconfig; path = "Pods/Target Support Files/Pods/Pods.release.xcconfig"; sourceTree = "<group>"; };
		3B9D795083DE1040DC8777C3 /* Pods.debug.xcconfig */ = {isa = PBXFileReference; includeInIndex = 1; lastKnownFileType = text.xcconfig; name = Pods.debug.xcconfig; path = "Pods/Target Support Files/Pods/Pods.debug.xcconfig"; sourceTree = "<group>"; };
		7233EC591672C24A8BA5CD8B /* Pods.framework */ = {isa = PBXFileReference; explicitFileType = wrapper.framework; includeInIndex = 0; path = Pods.framework; sourceTree = BUILT_PRODUCTS_DIR; };
		C302F35B1C59A0A90043E35D /* CompanyViewController.swift */ = {isa = PBXFileReference; fileEncoding = 4; lastKnownFileType = sourcecode.swift; path = CompanyViewController.swift; sourceTree = "<group>"; };
		C31385461C45E404004ED847 /* WebViewController_1.swift */ = {isa = PBXFileReference; fileEncoding = 4; lastKnownFileType = sourcecode.swift; path = WebViewController_1.swift; sourceTree = "<group>"; };
		C316E0A31C58A5E500E0F0DF /* JSONModelMapper.swift */ = {isa = PBXFileReference; fileEncoding = 4; lastKnownFileType = sourcecode.swift; path = JSONModelMapper.swift; sourceTree = "<group>"; };
		C317748A1C4F32E1006F885C /* Array+removeAtIndexes.swift */ = {isa = PBXFileReference; fileEncoding = 4; lastKnownFileType = sourcecode.swift; path = "Array+removeAtIndexes.swift"; sourceTree = "<group>"; };
		C3238A2C1C3F9B3500081E6E /* LoadMoreTableFooterView.swift */ = {isa = PBXFileReference; fileEncoding = 4; lastKnownFileType = sourcecode.swift; path = LoadMoreTableFooterView.swift; sourceTree = "<group>"; };
		C339C2281C4095C700947247 /* MainNavigationController.swift */ = {isa = PBXFileReference; fileEncoding = 4; lastKnownFileType = sourcecode.swift; path = MainNavigationController.swift; sourceTree = "<group>"; };
		C339C22A1C40963200947247 /* UIImage+ColorImage.swift */ = {isa = PBXFileReference; fileEncoding = 4; lastKnownFileType = sourcecode.swift; path = "UIImage+ColorImage.swift"; sourceTree = "<group>"; };
		C341A7FB1C3DF037003049EE /* FilterView.swift */ = {isa = PBXFileReference; fileEncoding = 4; lastKnownFileType = sourcecode.swift; path = FilterView.swift; sourceTree = "<group>"; };
		C3466C211C3CA98300979FAF /* Search.swift */ = {isa = PBXFileReference; fileEncoding = 4; lastKnownFileType = sourcecode.swift; path = Search.swift; sourceTree = "<group>"; };
		C3466C231C3CA98B00979FAF /* SearchResult.swift */ = {isa = PBXFileReference; fileEncoding = 4; lastKnownFileType = sourcecode.swift; path = SearchResult.swift; sourceTree = "<group>"; };
		C3466C251C3CA9CA00979FAF /* String+en:decode.swift */ = {isa = PBXFileReference; fileEncoding = 4; lastKnownFileType = sourcecode.swift; path = "String+en:decode.swift"; sourceTree = "<group>"; };
		C3466C271C3CB32000979FAF /* CarServiceCell.swift */ = {isa = PBXFileReference; fileEncoding = 4; lastKnownFileType = sourcecode.swift; path = CarServiceCell.swift; sourceTree = "<group>"; };
		C3466C291C3CB5BC00979FAF /* UIImageView+DownloadImage.swift */ = {isa = PBXFileReference; fileEncoding = 4; lastKnownFileType = sourcecode.swift; path = "UIImageView+DownloadImage.swift"; sourceTree = "<group>"; };
		C3466C2B1C3CB68E00979FAF /* TableViewController.swift */ = {isa = PBXFileReference; fileEncoding = 4; lastKnownFileType = sourcecode.swift; path = TableViewController.swift; sourceTree = "<group>"; };
		C360329D1C3A05F2008852CA /* ViewController_1.swift */ = {isa = PBXFileReference; fileEncoding = 4; lastKnownFileType = sourcecode.swift; path = ViewController_1.swift; sourceTree = "<group>"; };
		C360329F1C3A6890008852CA /* pages-Bridging-Header.h */ = {isa = PBXFileReference; lastKnownFileType = sourcecode.c.h; path = "pages-Bridging-Header.h"; sourceTree = "<group>"; };
		C36032A01C3A6891008852CA /* UINavigationController+FDFullscreenPopGesture.h */ = {isa = PBXFileReference; fileEncoding = 4; lastKnownFileType = sourcecode.c.h; path = "UINavigationController+FDFullscreenPopGesture.h"; sourceTree = "<group>"; };
		C36032A11C3A6891008852CA /* UINavigationController+FDFullscreenPopGesture.m */ = {isa = PBXFileReference; fileEncoding = 4; lastKnownFileType = sourcecode.c.objc; path = "UINavigationController+FDFullscreenPopGesture.m"; sourceTree = "<group>"; };
		C37248321C55F6EF00EDD735 /* ProductCell.swift */ = {isa = PBXFileReference; fileEncoding = 4; lastKnownFileType = sourcecode.swift; path = ProductCell.swift; sourceTree = "<group>"; };
		C37248341C55FD3800EDD735 /* ViewController_3_1.swift */ = {isa = PBXFileReference; fileEncoding = 4; lastKnownFileType = sourcecode.swift; path = ViewController_3_1.swift; sourceTree = "<group>"; };
		C377DB971C4A122A00F92F34 /* ViewController_3.swift */ = {isa = PBXFileReference; fileEncoding = 4; lastKnownFileType = sourcecode.swift; path = ViewController_3.swift; sourceTree = "<group>"; };
		C377DB991C4A187800F92F34 /* HudView.swift */ = {isa = PBXFileReference; fileEncoding = 4; lastKnownFileType = sourcecode.swift; path = HudView.swift; sourceTree = "<group>"; };
		C37BDEF51C44CEFC00917F7D /* LoadServices.swift */ = {isa = PBXFileReference; fileEncoding = 4; lastKnownFileType = sourcecode.swift; path = LoadServices.swift; sourceTree = "<group>"; };
		C384D77B1C474B0400A4FB30 /* network.playground */ = {isa = PBXFileReference; lastKnownFileType = file.playground; path = network.playground; sourceTree = "<group>"; };
		C393843F1C4DD677009EDC19 /* SubscribeListTableView.swift */ = {isa = PBXFileReference; fileEncoding = 4; lastKnownFileType = sourcecode.swift; path = SubscribeListTableView.swift; sourceTree = "<group>"; };
		C39384411C4DD709009EDC19 /* CarServiceListCell.swift */ = {isa = PBXFileReference; fileEncoding = 4; lastKnownFileType = sourcecode.swift; path = CarServiceListCell.swift; sourceTree = "<group>"; };
		C3A7C75E1C350E2400E6DC4B /* WebViewController.swift */ = {isa = PBXFileReference; fileEncoding = 4; lastKnownFileType = sourcecode.swift; path = WebViewController.swift; sourceTree = "<group>"; };
		C3B15BBE1C3B657F00E12142 /* CustomPop.swift */ = {isa = PBXFileReference; fileEncoding = 4; lastKnownFileType = sourcecode.swift; path = CustomPop.swift; sourceTree = "<group>"; };
		C3B162601C5C4320004D8336 /* Base */ = {isa = PBXFileReference; lastKnownFileType = text.plist.strings; name = Base; path = Base.lproj/Localizable.strings; sourceTree = "<group>"; };
		C3B162621C5C44EC004D8336 /* en */ = {isa = PBXFileReference; lastKnownFileType = text.plist.strings; name = en; path = en.lproj/Localizable.strings; sourceTree = "<group>"; };
		C3CBEACD1C5B449C005C0469 /* ViewController_3_2.swift */ = {isa = PBXFileReference; fileEncoding = 4; lastKnownFileType = sourcecode.swift; path = ViewController_3_2.swift; sourceTree = "<group>"; };
		C3D73FCC1C34AEF500C82CFA /* pages.app */ = {isa = PBXFileReference; explicitFileType = wrapper.application; includeInIndex = 0; path = pages.app; sourceTree = BUILT_PRODUCTS_DIR; };
		C3D73FCF1C34AEF500C82CFA /* AppDelegate.swift */ = {isa = PBXFileReference; lastKnownFileType = sourcecode.swift; path = AppDelegate.swift; sourceTree = "<group>"; };
		C3D73FD11C34AEF500C82CFA /* ViewController.swift */ = {isa = PBXFileReference; lastKnownFileType = sourcecode.swift; path = ViewController.swift; sourceTree = "<group>"; };
		C3D73FD41C34AEF500C82CFA /* Base */ = {isa = PBXFileReference; lastKnownFileType = file.storyboard; name = Base; path = Base.lproj/Main.storyboard; sourceTree = "<group>"; };
		C3D73FD61C34AEF500C82CFA /* Assets.xcassets */ = {isa = PBXFileReference; lastKnownFileType = folder.assetcatalog; path = Assets.xcassets; sourceTree = "<group>"; };
		C3D73FD91C34AEF600C82CFA /* Base */ = {isa = PBXFileReference; lastKnownFileType = file.storyboard; name = Base; path = Base.lproj/LaunchScreen.storyboard; sourceTree = "<group>"; };
		C3D73FDB1C34AEF600C82CFA /* Info.plist */ = {isa = PBXFileReference; lastKnownFileType = text.plist.xml; path = Info.plist; sourceTree = "<group>"; };
		C3D73FE11C34AF8B00C82CFA /* PView.swift */ = {isa = PBXFileReference; fileEncoding = 4; lastKnownFileType = sourcecode.swift; path = PView.swift; sourceTree = "<group>"; };
		C3D73FE31C34AF9D00C82CFA /* PModel.swift */ = {isa = PBXFileReference; fileEncoding = 4; lastKnownFileType = sourcecode.swift; path = PModel.swift; sourceTree = "<group>"; };
		C3DF861F1C50633B00C51697 /* CommentViewController.swift */ = {isa = PBXFileReference; fileEncoding = 4; lastKnownFileType = sourcecode.swift; path = CommentViewController.swift; sourceTree = "<group>"; };
		C3DF86211C50B40A00C51697 /* CommentCell.swift */ = {isa = PBXFileReference; fileEncoding = 4; lastKnownFileType = sourcecode.swift; path = CommentCell.swift; sourceTree = "<group>"; };
		C3DF86231C50BDC500C51697 /* ReviewListTableViewController.swift */ = {isa = PBXFileReference; fileEncoding = 4; lastKnownFileType = sourcecode.swift; path = ReviewListTableViewController.swift; sourceTree = "<group>"; };
		C3E015761C48C1BB00DCDAFA /* SubscribeViewController.swift */ = {isa = PBXFileReference; fileEncoding = 4; lastKnownFileType = sourcecode.swift; path = SubscribeViewController.swift; sourceTree = "<group>"; };
		C3E015781C48C5AF00DCDAFA /* SubscribeTableView.swift */ = {isa = PBXFileReference; fileEncoding = 4; lastKnownFileType = sourcecode.swift; path = SubscribeTableView.swift; sourceTree = "<group>"; };
		C3F68C091C43479700BB7F50 /* ViewController_1_2.swift */ = {isa = PBXFileReference; fileEncoding = 4; lastKnownFileType = sourcecode.swift; path = ViewController_1_2.swift; sourceTree = "<group>"; };
		C3F68C0B1C4356F400BB7F50 /* UIColor+CustomColor.swift */ = {isa = PBXFileReference; fileEncoding = 4; lastKnownFileType = sourcecode.swift; path = "UIColor+CustomColor.swift"; sourceTree = "<group>"; };
/* End PBXFileReference section */

/* Begin PBXFrameworksBuildPhase section */
		C3D73FC91C34AEF500C82CFA /* Frameworks */ = {
			isa = PBXFrameworksBuildPhase;
			buildActionMask = 2147483647;
			files = (
				D4400442AF9BC5E155EBD96A /* Pods.framework in Frameworks */,
			);
			runOnlyForDeploymentPostprocessing = 0;
		};
/* End PBXFrameworksBuildPhase section */

/* Begin PBXGroup section */
		0F5DA350016A46F1A17E9E24 /* Frameworks */ = {
			isa = PBXGroup;
			children = (
				7233EC591672C24A8BA5CD8B /* Pods.framework */,
			);
			name = Frameworks;
			sourceTree = "<group>";
		};
		60D5C6EB0B55805E269F4612 /* Pods */ = {
			isa = PBXGroup;
			children = (
				3B9D795083DE1040DC8777C3 /* Pods.debug.xcconfig */,
				24CE9DFF9073B361C0F41BED /* Pods.release.xcconfig */,
			);
			name = Pods;
			sourceTree = "<group>";
		};
		C33E4C0E1C488432008C5873 /* Extension */ = {
			isa = PBXGroup;
			children = (
				C3F68C0B1C4356F400BB7F50 /* UIColor+CustomColor.swift */,
				C36032A01C3A6891008852CA /* UINavigationController+FDFullscreenPopGesture.h */,
				C36032A11C3A6891008852CA /* UINavigationController+FDFullscreenPopGesture.m */,
				C3466C251C3CA9CA00979FAF /* String+en:decode.swift */,
				C339C22A1C40963200947247 /* UIImage+ColorImage.swift */,
				C3466C291C3CB5BC00979FAF /* UIImageView+DownloadImage.swift */,
				C317748A1C4F32E1006F885C /* Array+removeAtIndexes.swift */,
			);
			name = Extension;
			sourceTree = "<group>";
		};
		C33E4C0F1C488477008C5873 /* View */ = {
			isa = PBXGroup;
			children = (
				C3D73FE11C34AF8B00C82CFA /* PView.swift */,
				C341A7FB1C3DF037003049EE /* FilterView.swift */,
				C3E015781C48C5AF00DCDAFA /* SubscribeTableView.swift */,
				C3466C271C3CB32000979FAF /* CarServiceCell.swift */,
				C37248321C55F6EF00EDD735 /* ProductCell.swift */,
				C393843F1C4DD677009EDC19 /* SubscribeListTableView.swift */,
				C39384411C4DD709009EDC19 /* CarServiceListCell.swift */,
				C3DF86211C50B40A00C51697 /* CommentCell.swift */,
				C3238A2C1C3F9B3500081E6E /* LoadMoreTableFooterView.swift */,
				C377DB991C4A187800F92F34 /* HudView.swift */,
			);
			name = View;
			sourceTree = "<group>";
		};
		C33E4C101C48849A008C5873 /* Model */ = {
			isa = PBXGroup;
			children = (
				C3D73FE31C34AF9D00C82CFA /* PModel.swift */,
				C3466C211C3CA98300979FAF /* Search.swift */,
				C3466C231C3CA98B00979FAF /* SearchResult.swift */,
				C316E0A31C58A5E500E0F0DF /* JSONModelMapper.swift */,
				C37BDEF51C44CEFC00917F7D /* LoadServices.swift */,
			);
			name = Model;
			sourceTree = "<group>";
		};
		C3D73FC31C34AEF500C82CFA = {
			isa = PBXGroup;
			children = (
				C3D73FCE1C34AEF500C82CFA /* pages */,
				C3D73FCD1C34AEF500C82CFA /* Products */,
				60D5C6EB0B55805E269F4612 /* Pods */,
				0F5DA350016A46F1A17E9E24 /* Frameworks */,
			);
			sourceTree = "<group>";
		};
		C3D73FCD1C34AEF500C82CFA /* Products */ = {
			isa = PBXGroup;
			children = (
				C3D73FCC1C34AEF500C82CFA /* pages.app */,
			);
			name = Products;
			sourceTree = "<group>";
		};
		C3D73FCE1C34AEF500C82CFA /* pages */ = {
			isa = PBXGroup;
			children = (
				C3D73FCF1C34AEF500C82CFA /* AppDelegate.swift */,
				C339C2281C4095C700947247 /* MainNavigationController.swift */,
				C3D73FD11C34AEF500C82CFA /* ViewController.swift */,
				C360329D1C3A05F2008852CA /* ViewController_1.swift */,
				C3F68C091C43479700BB7F50 /* ViewController_1_2.swift */,
				C377DB971C4A122A00F92F34 /* ViewController_3.swift */,
				C37248341C55FD3800EDD735 /* ViewController_3_1.swift */,
				C3CBEACD1C5B449C005C0469 /* ViewController_3_2.swift */,
				C3A7C75E1C350E2400E6DC4B /* WebViewController.swift */,
				C31385461C45E404004ED847 /* WebViewController_1.swift */,
				C3466C2B1C3CB68E00979FAF /* TableViewController.swift */,
				C3E015761C48C1BB00DCDAFA /* SubscribeViewController.swift */,
				C3DF861F1C50633B00C51697 /* CommentViewController.swift */,
				C3DF86231C50BDC500C51697 /* ReviewListTableViewController.swift */,
				C302F35B1C59A0A90043E35D /* CompanyViewController.swift */,
				C33E4C0F1C488477008C5873 /* View */,
				C33E4C101C48849A008C5873 /* Model */,
				C33E4C0E1C488432008C5873 /* Extension */,
				C3B15BBE1C3B657F00E12142 /* CustomPop.swift */,
				C384D77B1C474B0400A4FB30 /* network.playground */,
				C3D73FD31C34AEF500C82CFA /* Main.storyboard */,
				C3D73FD61C34AEF500C82CFA /* Assets.xcassets */,
				C3D73FD81C34AEF600C82CFA /* LaunchScreen.storyboard */,
				C3D73FDB1C34AEF600C82CFA /* Info.plist */,
				C3B1625F1C5C4320004D8336 /* Localizable.strings */,
				C360329F1C3A6890008852CA /* pages-Bridging-Header.h */,
			);
			path = pages;
			sourceTree = "<group>";
		};
/* End PBXGroup section */

/* Begin PBXNativeTarget section */
		C3D73FCB1C34AEF500C82CFA /* pages */ = {
			isa = PBXNativeTarget;
			buildConfigurationList = C3D73FDE1C34AEF600C82CFA /* Build configuration list for PBXNativeTarget "pages" */;
			buildPhases = (
				2A65EAE1666F379477C10BC7 /* Check Pods Manifest.lock */,
				C3D73FC81C34AEF500C82CFA /* Sources */,
				C3D73FC91C34AEF500C82CFA /* Frameworks */,
				C3D73FCA1C34AEF500C82CFA /* Resources */,
				0E3B9C49DF90EB7307ED4C45 /* Embed Pods Frameworks */,
				DFF15D60487366EBCB3C4690 /* Copy Pods Resources */,
			);
			buildRules = (
			);
			dependencies = (
			);
			name = pages;
			productName = pages;
			productReference = C3D73FCC1C34AEF500C82CFA /* pages.app */;
			productType = "com.apple.product-type.application";
		};
/* End PBXNativeTarget section */

/* Begin PBXProject section */
		C3D73FC41C34AEF500C82CFA /* Project object */ = {
			isa = PBXProject;
			attributes = {
				LastSwiftUpdateCheck = 0720;
				LastUpgradeCheck = 0720;
				ORGANIZATIONNAME = myname;
				TargetAttributes = {
					C3D73FCB1C34AEF500C82CFA = {
						CreatedOnToolsVersion = 7.2;
					};
				};
			};
			buildConfigurationList = C3D73FC71C34AEF500C82CFA /* Build configuration list for PBXProject "pages" */;
			compatibilityVersion = "Xcode 3.2";
			developmentRegion = English;
			hasScannedForEncodings = 0;
			knownRegions = (
				en,
				Base,
			);
			mainGroup = C3D73FC31C34AEF500C82CFA;
			productRefGroup = C3D73FCD1C34AEF500C82CFA /* Products */;
			projectDirPath = "";
			projectRoot = "";
			targets = (
				C3D73FCB1C34AEF500C82CFA /* pages */,
			);
		};
/* End PBXProject section */

/* Begin PBXResourcesBuildPhase section */
		C3D73FCA1C34AEF500C82CFA /* Resources */ = {
			isa = PBXResourcesBuildPhase;
			buildActionMask = 2147483647;
			files = (
				C3D73FDA1C34AEF600C82CFA /* LaunchScreen.storyboard in Resources */,
				C3B162611C5C4320004D8336 /* Localizable.strings in Resources */,
				C3D73FD71C34AEF500C82CFA /* Assets.xcassets in Resources */,
				C3D73FD51C34AEF500C82CFA /* Main.storyboard in Resources */,
			);
			runOnlyForDeploymentPostprocessing = 0;
		};
/* End PBXResourcesBuildPhase section */

/* Begin PBXShellScriptBuildPhase section */
		0E3B9C49DF90EB7307ED4C45 /* Embed Pods Frameworks */ = {
			isa = PBXShellScriptBuildPhase;
			buildActionMask = 2147483647;
			files = (
			);
			inputPaths = (
			);
			name = "Embed Pods Frameworks";
			outputPaths = (
			);
			runOnlyForDeploymentPostprocessing = 0;
			shellPath = /bin/sh;
			shellScript = "\"${SRCROOT}/Pods/Target Support Files/Pods/Pods-frameworks.sh\"\n";
			showEnvVarsInLog = 0;
		};
		2A65EAE1666F379477C10BC7 /* Check Pods Manifest.lock */ = {
			isa = PBXShellScriptBuildPhase;
			buildActionMask = 2147483647;
			files = (
			);
			inputPaths = (
			);
			name = "Check Pods Manifest.lock";
			outputPaths = (
			);
			runOnlyForDeploymentPostprocessing = 0;
			shellPath = /bin/sh;
			shellScript = "diff \"${PODS_ROOT}/../Podfile.lock\" \"${PODS_ROOT}/Manifest.lock\" > /dev/null\nif [[ $? != 0 ]] ; then\n    cat << EOM\nerror: The sandbox is not in sync with the Podfile.lock. Run 'pod install' or update your CocoaPods installation.\nEOM\n    exit 1\nfi\n";
			showEnvVarsInLog = 0;
		};
		DFF15D60487366EBCB3C4690 /* Copy Pods Resources */ = {
			isa = PBXShellScriptBuildPhase;
			buildActionMask = 2147483647;
			files = (
			);
			inputPaths = (
			);
			name = "Copy Pods Resources";
			outputPaths = (
			);
			runOnlyForDeploymentPostprocessing = 0;
			shellPath = /bin/sh;
			shellScript = "\"${SRCROOT}/Pods/Target Support Files/Pods/Pods-resources.sh\"\n";
			showEnvVarsInLog = 0;
		};
/* End PBXShellScriptBuildPhase section */

/* Begin PBXSourcesBuildPhase section */
		C3D73FC81C34AEF500C82CFA /* Sources */ = {
			isa = PBXSourcesBuildPhase;
			buildActionMask = 2147483647;
			files = (
				C3466C221C3CA98300979FAF /* Search.swift in Sources */,
				C3466C2C1C3CB68E00979FAF /* TableViewController.swift in Sources */,
				C37BDEF61C44CEFC00917F7D /* LoadServices.swift in Sources */,
				C3D73FE41C34AF9D00C82CFA /* PModel.swift in Sources */,
				C3466C241C3CA98B00979FAF /* SearchResult.swift in Sources */,
				C31385471C45E404004ED847 /* WebViewController_1.swift in Sources */,
				C39384421C4DD709009EDC19 /* CarServiceListCell.swift in Sources */,
				C3D73FD21C34AEF500C82CFA /* ViewController.swift in Sources */,
				C3CBEACE1C5B449C005C0469 /* ViewController_3_2.swift in Sources */,
				C3466C2A1C3CB5BC00979FAF /* UIImageView+DownloadImage.swift in Sources */,
				C3E015791C48C5AF00DCDAFA /* SubscribeTableView.swift in Sources */,
				C3466C261C3CA9CA00979FAF /* String+en:decode.swift in Sources */,
				C3DF86241C50BDC500C51697 /* ReviewListTableViewController.swift in Sources */,
				C37248331C55F6EF00EDD735 /* ProductCell.swift in Sources */,
				C3E015771C48C1BB00DCDAFA /* SubscribeViewController.swift in Sources */,
				C360329E1C3A05F2008852CA /* ViewController_1.swift in Sources */,
				C377DB981C4A122A00F92F34 /* ViewController_3.swift in Sources */,
				C339C2291C4095C700947247 /* MainNavigationController.swift in Sources */,
				C339C22B1C40963200947247 /* UIImage+ColorImage.swift in Sources */,
				C3F68C0A1C43479700BB7F50 /* ViewController_1_2.swift in Sources */,
				C39384401C4DD677009EDC19 /* SubscribeListTableView.swift in Sources */,
				C3D73FD01C34AEF500C82CFA /* AppDelegate.swift in Sources */,
				C3B15BBF1C3B657F00E12142 /* CustomPop.swift in Sources */,
				C3DF86201C50633B00C51697 /* CommentViewController.swift in Sources */,
				C3A7C75F1C350E2400E6DC4B /* WebViewController.swift in Sources */,
				C36032A21C3A6891008852CA /* UINavigationController+FDFullscreenPopGesture.m in Sources */,
				C3466C281C3CB32000979FAF /* CarServiceCell.swift in Sources */,
				C37248351C55FD3800EDD735 /* ViewController_3_1.swift in Sources */,
				C3238A2D1C3F9B3500081E6E /* LoadMoreTableFooterView.swift in Sources */,
				C341A7FC1C3DF037003049EE /* FilterView.swift in Sources */,
				C3F68C0C1C4356F400BB7F50 /* UIColor+CustomColor.swift in Sources */,
				C3DF86221C50B40A00C51697 /* CommentCell.swift in Sources */,
				C316E0A41C58A5E500E0F0DF /* JSONModelMapper.swift in Sources */,
				C302F35C1C59A0A90043E35D /* CompanyViewController.swift in Sources */,
				C3D73FE21C34AF8B00C82CFA /* PView.swift in Sources */,
				C317748B1C4F32E1006F885C /* Array+removeAtIndexes.swift in Sources */,
				C377DB9A1C4A187800F92F34 /* HudView.swift in Sources */,
			);
			runOnlyForDeploymentPostprocessing = 0;
		};
/* End PBXSourcesBuildPhase section */

/* Begin PBXVariantGroup section */
		C3B1625F1C5C4320004D8336 /* Localizable.strings */ = {
			isa = PBXVariantGroup;
			children = (
				C3B162601C5C4320004D8336 /* Base */,
				C3B162621C5C44EC004D8336 /* en */,
			);
			name = Localizable.strings;
			sourceTree = "<group>";
		};
		C3D73FD31C34AEF500C82CFA /* Main.storyboard */ = {
			isa = PBXVariantGroup;
			children = (
				C3D73FD41C34AEF500C82CFA /* Base */,
			);
			name = Main.storyboard;
			sourceTree = "<group>";
		};
		C3D73FD81C34AEF600C82CFA /* LaunchScreen.storyboard */ = {
			isa = PBXVariantGroup;
			children = (
				C3D73FD91C34AEF600C82CFA /* Base */,
			);
			name = LaunchScreen.storyboard;
			sourceTree = "<group>";
		};
/* End PBXVariantGroup section */

/* Begin XCBuildConfiguration section */
		C3D73FDC1C34AEF600C82CFA /* Debug */ = {
			isa = XCBuildConfiguration;
			buildSettings = {
				ALWAYS_SEARCH_USER_PATHS = NO;
				CLANG_CXX_LANGUAGE_STANDARD = "gnu++0x";
				CLANG_CXX_LIBRARY = "libc++";
				CLANG_ENABLE_MODULES = YES;
				CLANG_ENABLE_OBJC_ARC = YES;
				CLANG_WARN_BOOL_CONVERSION = YES;
				CLANG_WARN_CONSTANT_CONVERSION = YES;
				CLANG_WARN_DIRECT_OBJC_ISA_USAGE = YES_ERROR;
				CLANG_WARN_EMPTY_BODY = YES;
				CLANG_WARN_ENUM_CONVERSION = YES;
				CLANG_WARN_INT_CONVERSION = YES;
				CLANG_WARN_OBJC_ROOT_CLASS = YES_ERROR;
				CLANG_WARN_UNREACHABLE_CODE = YES;
				CLANG_WARN__DUPLICATE_METHOD_MATCH = YES;
				"CODE_SIGN_IDENTITY[sdk=iphoneos*]" = "iPhone Developer";
				COPY_PHASE_STRIP = NO;
				DEBUG_INFORMATION_FORMAT = dwarf;
				ENABLE_STRICT_OBJC_MSGSEND = YES;
				ENABLE_TESTABILITY = YES;
				GCC_C_LANGUAGE_STANDARD = gnu99;
				GCC_DYNAMIC_NO_PIC = NO;
				GCC_NO_COMMON_BLOCKS = YES;
				GCC_OPTIMIZATION_LEVEL = 0;
				GCC_PREPROCESSOR_DEFINITIONS = (
					"DEBUG=1",
					"$(inherited)",
				);
				GCC_WARN_64_TO_32_BIT_CONVERSION = YES;
				GCC_WARN_ABOUT_RETURN_TYPE = YES_ERROR;
				GCC_WARN_UNDECLARED_SELECTOR = YES;
				GCC_WARN_UNINITIALIZED_AUTOS = YES_AGGRESSIVE;
				GCC_WARN_UNUSED_FUNCTION = YES;
				GCC_WARN_UNUSED_VARIABLE = YES;
				IPHONEOS_DEPLOYMENT_TARGET = 9.2;
				MTL_ENABLE_DEBUG_INFO = YES;
				ONLY_ACTIVE_ARCH = YES;
				SDKROOT = iphoneos;
				SWIFT_OPTIMIZATION_LEVEL = "-Onone";
			};
			name = Debug;
		};
		C3D73FDD1C34AEF600C82CFA /* Release */ = {
			isa = XCBuildConfiguration;
			buildSettings = {
				ALWAYS_SEARCH_USER_PATHS = NO;
				CLANG_CXX_LANGUAGE_STANDARD = "gnu++0x";
				CLANG_CXX_LIBRARY = "libc++";
				CLANG_ENABLE_MODULES = YES;
				CLANG_ENABLE_OBJC_ARC = YES;
				CLANG_WARN_BOOL_CONVERSION = YES;
				CLANG_WARN_CONSTANT_CONVERSION = YES;
				CLANG_WARN_DIRECT_OBJC_ISA_USAGE = YES_ERROR;
				CLANG_WARN_EMPTY_BODY = YES;
				CLANG_WARN_ENUM_CONVERSION = YES;
				CLANG_WARN_INT_CONVERSION = YES;
				CLANG_WARN_OBJC_ROOT_CLASS = YES_ERROR;
				CLANG_WARN_UNREACHABLE_CODE = YES;
				CLANG_WARN__DUPLICATE_METHOD_MATCH = YES;
				"CODE_SIGN_IDENTITY[sdk=iphoneos*]" = "iPhone Developer";
				COPY_PHASE_STRIP = NO;
				DEBUG_INFORMATION_FORMAT = "dwarf-with-dsym";
				ENABLE_NS_ASSERTIONS = NO;
				ENABLE_STRICT_OBJC_MSGSEND = YES;
				GCC_C_LANGUAGE_STANDARD = gnu99;
				GCC_NO_COMMON_BLOCKS = YES;
				GCC_WARN_64_TO_32_BIT_CONVERSION = YES;
				GCC_WARN_ABOUT_RETURN_TYPE = YES_ERROR;
				GCC_WARN_UNDECLARED_SELECTOR = YES;
				GCC_WARN_UNINITIALIZED_AUTOS = YES_AGGRESSIVE;
				GCC_WARN_UNUSED_FUNCTION = YES;
				GCC_WARN_UNUSED_VARIABLE = YES;
				IPHONEOS_DEPLOYMENT_TARGET = 9.2;
				MTL_ENABLE_DEBUG_INFO = NO;
				SDKROOT = iphoneos;
				VALIDATE_PRODUCT = YES;
			};
			name = Release;
		};
		C3D73FDF1C34AEF600C82CFA /* Debug */ = {
			isa = XCBuildConfiguration;
			baseConfigurationReference = 3B9D795083DE1040DC8777C3 /* Pods.debug.xcconfig */;
			buildSettings = {
				ASSETCATALOG_COMPILER_APPICON_NAME = AppIcon;
				CLANG_ENABLE_MODULES = YES;
				INFOPLIST_FILE = pages/Info.plist;
				LD_RUNPATH_SEARCH_PATHS = "$(inherited) @executable_path/Frameworks";
				PRODUCT_BUNDLE_IDENTIFIER = myname.pages;
				PRODUCT_NAME = "$(TARGET_NAME)";
				SWIFT_OBJC_BRIDGING_HEADER = "pages/pages-Bridging-Header.h";
				SWIFT_OPTIMIZATION_LEVEL = "-Onone";
			};
			name = Debug;
		};
		C3D73FE01C34AEF600C82CFA /* Release */ = {
			isa = XCBuildConfiguration;
			baseConfigurationReference = 24CE9DFF9073B361C0F41BED /* Pods.release.xcconfig */;
			buildSettings = {
				ASSETCATALOG_COMPILER_APPICON_NAME = AppIcon;
				CLANG_ENABLE_MODULES = YES;
				INFOPLIST_FILE = pages/Info.plist;
				LD_RUNPATH_SEARCH_PATHS = "$(inherited) @executable_path/Frameworks";
				PRODUCT_BUNDLE_IDENTIFIER = myname.pages;
				PRODUCT_NAME = "$(TARGET_NAME)";
				SWIFT_OBJC_BRIDGING_HEADER = "pages/pages-Bridging-Header.h";
			};
			name = Release;
		};
/* End XCBuildConfiguration section */

/* Begin XCConfigurationList section */
		C3D73FC71C34AEF500C82CFA /* Build configuration list for PBXProject "pages" */ = {
			isa = XCConfigurationList;
			buildConfigurations = (
				C3D73FDC1C34AEF600C82CFA /* Debug */,
				C3D73FDD1C34AEF600C82CFA /* Release */,
			);
			defaultConfigurationIsVisible = 0;
			defaultConfigurationName = Release;
		};
		C3D73FDE1C34AEF600C82CFA /* Build configuration list for PBXNativeTarget "pages" */ = {
			isa = XCConfigurationList;
			buildConfigurations = (
				C3D73FDF1C34AEF600C82CFA /* Debug */,
				C3D73FE01C34AEF600C82CFA /* Release */,
			);
			defaultConfigurationIsVisible = 0;
			defaultConfigurationName = Release;
		};
/* End XCConfigurationList section */
	};
	rootObject = C3D73FC41C34AEF500C82CFA /* Project object */;
}
